
Microsoft Visual Studio Solution File, Format Version 12.00
# Visual Studio Version 17
VisualStudioVersion = 17.0.32112.339
MinimumVisualStudioVersion = 10.0.40219.1
Project("{FAE04EC0-301F-11D3-BF4B-00C04F79EFBC}") = "ContactWebEFCore6", "ContactWebEFCore6\ContactWebEFCore6.csproj", "{DAF571B1-076B-4940-B25F-534069F7F5C1}"
EndProject
Global
	GlobalSection(SolutionConfigurationPlatforms) = preSolution
		Debug|Any CPU = Debug|Any CPU
		Release|Any CPU = Release|Any CPU
	EndGlobalSection
	GlobalSection(ProjectConfigurationPlatforms) = postSolution
		{DAF571B1-076B-4940-B25F-534069F7F5C1}.Debug|Any CPU.ActiveCfg = Debug|Any CPU
		{DAF571B1-076B-4940-B25F-534069F7F5C1}.Debug|Any CPU.Build.0 = Debug|Any CPU
		{DAF571B1-076B-4940-B25F-534069F7F5C1}.Release|Any CPU.ActiveCfg = Release|Any CPU
		{DAF571B1-076B-4940-B25F-534069F7F5C1}.Release|Any CPU.Build.0 = Release|Any CPU
	EndGlobalSection
	GlobalSection(SolutionProperties) = preSolution
		HideSolutionNode = FALSE
	EndGlobalSection
	GlobalSection(ExtensibilityGlobals) = postSolution
		SolutionGuid = {1864319A-9A44-4BA6-BEA1-52A343AE9094}
	EndGlobalSection
EndGlobal
